{
  "object": {
    "pins": [
      {
        "package": "swift-argument-parser",
        "repositoryURL": "https://github.com/apple/swift-argument-parser",
        "state": {
          "branch": null,
          "revision": "3e7d2fe99da091dcc1e4a7dd22fc3cfc2dca7937",
          "version": "0.2.2"
        }
      },
      {
        "package": "Benchmark",
        "repositoryURL": "https://github.com/google/swift-benchmark",
        "state": {
          "branch": null,
          "revision": "f70bf472b00aeaa05e2374373568c2fe459c11c7",
          "version": null
        }
      },
      {
        "package": "swift-models",
        "repositoryURL": "https://github.com/tensorflow/swift-models.git",
        "state": {
          "branch": "master",
          "revision": "c67c9fc024d811e4134f379205ce49dd530f593a",
          "version": null
        }
      },
      {
        "package": "SwiftProtobuf",
        "repositoryURL": "https://github.com/apple/swift-protobuf.git",
        "state": {
          "branch": null,
          "revision": "da9a52be9cd36c63993291ce3f1b65dafcd1e826",
          "version": "1.14.0"
        }
      }
    ]
  },
  "version": 1
}
